
Microsoft Visual Studio Solution File, Format Version 12.00
Project("{FAE04EC0-301F-11D3-BF4B-00C04F79EFBC}") = "SeleniumProject1", "SeleniumProject1.csproj", "{5739E214-B683-4BD2-9EC2-8A9CF17A0DBD}"
EndProject
Global
	GlobalSection(SolutionConfigurationPlatforms) = preSolution
		Debug|Any CPU = Debug|Any CPU
		Release|Any CPU = Release|Any CPU
	EndGlobalSection
	GlobalSection(ProjectConfigurationPlatforms) = postSolution
		{5739E214-B683-4BD2-9EC2-8A9CF17A0DBD}.Debug|Any CPU.ActiveCfg = Debug|Any CPU
		{5739E214-B683-4BD2-9EC2-8A9CF17A0DBD}.Debug|Any CPU.Build.0 = Debug|Any CPU
		{5739E214-B683-4BD2-9EC2-8A9CF17A0DBD}.Release|Any CPU.ActiveCfg = Release|Any CPU
		{5739E214-B683-4BD2-9EC2-8A9CF17A0DBD}.Release|Any CPU.Build.0 = Release|Any CPU
	EndGlobalSection
EndGlobal
